{
  "name": "req",
  "version": "1.0.0",
  "lockfileVersion": 2,
  "requires": true,
  "packages": {
    "": {
      "name": "req",
      "version": "1.0.0",
      "license": "ISC",
      "dependencies": {
        "ini-parser": "^0.0.2",
        "jsonc-simple-parser": "^2.2.1",
        "nanoparse": "^1.0.0",
        "node-fetch": "^3.2.4",
        "planckcolors": "^1.2.0"
      }
    },
    "node_modules/data-uri-to-buffer": {
      "version": "4.0.0",
      "resolved": "https://registry.npmjs.org/data-uri-to-buffer/-/data-uri-to-buffer-4.0.0.tgz",
      "integrity": "sha512-Vr3mLBA8qWmcuschSLAOogKgQ/Jwxulv3RNE4FXnYWRGujzrRWQI4m12fQqRkwX06C0KanhLr4hK+GydchZsaA==",
      "engines": {
        "node": ">= 12"
      }
    },
    "node_modules/fetch-blob": {
      "version": "3.1.5",
      "resolved": "https://registry.npmjs.org/fetch-blob/-/fetch-blob-3.1.5.tgz",
      "integrity": "sha512-N64ZpKqoLejlrwkIAnb9iLSA3Vx/kjgzpcDhygcqJ2KKjky8nCgUQ+dzXtbrLaWZGZNmNfQTsiQ0weZ1svglHg==",
      "funding": [
        {
          "type": "github",
          "url": "https://github.com/sponsors/jimmywarting"
        },
        {
          "type": "paypal",
          "url": "https://paypal.me/jimmywarting"
        }
      ],
      "dependencies": {
        "node-domexception": "^1.0.0",
        "web-streams-polyfill": "^3.0.3"
      },
      "engines": {
        "node": "^12.20 || >= 14.13"
      }
    },
    "node_modules/formdata-polyfill": {
      "version": "4.0.10",
      "resolved": "https://registry.npmjs.org/formdata-polyfill/-/formdata-polyfill-4.0.10.tgz",
      "integrity": "sha512-buewHzMvYL29jdeQTVILecSaZKnt/RJWjoZCF5OW60Z67/GmSLBkOFM7qh1PI3zFNtJbaZL5eQu1vLfazOwj4g==",
      "dependencies": {
        "fetch-blob": "^3.1.2"
      },
      "engines": {
        "node": ">=12.20.0"
      }
    },
    "node_modules/ini-parser": {
      "version": "0.0.2",
      "resolved": "https://registry.npmjs.org/ini-parser/-/ini-parser-0.0.2.tgz",
      "integrity": "sha1-+kF4flZ3Y7P/Zdel2alO23QHh+8="
    },
    "node_modules/jsonc-simple-parser": {
      "version": "2.2.1",
      "resolved": "https://registry.npmjs.org/jsonc-simple-parser/-/jsonc-simple-parser-2.2.1.tgz",
      "integrity": "sha512-cbZ4y7sbz5TiZiPwchLkQvmtqehyp7Xfa4/HluX6Z/EtuIhrw8H5moMx55XWYXx4EJ3A1xyPO3hXtXibzzsCvg==",
      "dependencies": {
        "reghex": "^3.0.0"
      },
      "engines": {
        "node": ">=11.0.0"
      }
    },
    "node_modules/nanoparse": {
      "version": "1.0.0",
      "resolved": "https://registry.npmjs.org/nanoparse/-/nanoparse-1.0.0.tgz",
      "integrity": "sha512-XvA0GUmgWR1KrCThHlpSqvYtne3biaza9xZ/1NbfZ/y/5TnENNtOmJmtrI1HVUTLHHHQ0GqJxLKFQzsw6gQoGg=="
    },
    "node_modules/node-domexception": {
      "version": "1.0.0",
      "resolved": "https://registry.npmjs.org/node-domexception/-/node-domexception-1.0.0.tgz",
      "integrity": "sha512-/jKZoMpw0F8GRwl4/eLROPA3cfcXtLApP0QzLmUT/HuPCZWyB7IY9ZrMeKw2O/nFIqPQB3PVM9aYm0F312AXDQ==",
      "funding": [
        {
          "type": "github",
          "url": "https://github.com/sponsors/jimmywarting"
        },
        {
          "type": "github",
          "url": "https://paypal.me/jimmywarting"
        }
      ],
      "engines": {
        "node": ">=10.5.0"
      }
    },
    "node_modules/node-fetch": {
      "version": "3.2.4",
      "resolved": "https://registry.npmjs.org/node-fetch/-/node-fetch-3.2.4.tgz",
      "integrity": "sha512-WvYJRN7mMyOLurFR2YpysQGuwYrJN+qrrpHjJDuKMcSPdfFccRUla/kng2mz6HWSBxJcqPbvatS6Gb4RhOzCJw==",
      "dependencies": {
        "data-uri-to-buffer": "^4.0.0",
        "fetch-blob": "^3.1.4",
        "formdata-polyfill": "^4.0.10"
      },
      "engines": {
        "node": "^12.20.0 || ^14.13.1 || >=16.0.0"
      },
      "funding": {
        "type": "opencollective",
        "url": "https://opencollective.com/node-fetch"
      }
    },
    "node_modules/planckcolors": {
      "version": "1.2.0",
      "resolved": "https://registry.npmjs.org/planckcolors/-/planckcolors-1.2.0.tgz",
      "integrity": "sha512-YftwcOwv5iCYqXsm2lOM5EVfGazJCBiOiFxORLNFVr/6gAiGWb5Xvkfk1VxxmB8quq+XcqUg0k25Rm8UN8MkSQ=="
    },
    "node_modules/reghex": {
      "version": "3.0.2",
      "resolved": "https://registry.npmjs.org/reghex/-/reghex-3.0.2.tgz",
      "integrity": "sha512-Zb9DJ5u6GhgqRSBnxV2QSnLqEwcKxHWFA1N2yUa4ZUAO1P8jlWKYtWZ6/ooV6yylspGXJX0O/uNzEv0xrCtwaA=="
    },
    "node_modules/web-streams-polyfill": {
      "version": "3.2.1",
      "resolved": "https://registry.npmjs.org/web-streams-polyfill/-/web-streams-polyfill-3.2.1.tgz",
      "integrity": "sha512-e0MO3wdXWKrLbL0DgGnUV7WHVuw9OUvL4hjgnPkIeEvESk74gAITi5G606JtZPp39cd8HA9VQzCIvA49LpPN5Q==",
      "engines": {
        "node": ">= 8"
      }
    }
  },
  "dependencies": {
    "data-uri-to-buffer": {
      "version": "4.0.0",
      "resolved": "https://registry.npmjs.org/data-uri-to-buffer/-/data-uri-to-buffer-4.0.0.tgz",
      "integrity": "sha512-Vr3mLBA8qWmcuschSLAOogKgQ/Jwxulv3RNE4FXnYWRGujzrRWQI4m12fQqRkwX06C0KanhLr4hK+GydchZsaA=="
    },
    "fetch-blob": {
      "version": "3.1.5",
      "resolved": "https://registry.npmjs.org/fetch-blob/-/fetch-blob-3.1.5.tgz",
      "integrity": "sha512-N64ZpKqoLejlrwkIAnb9iLSA3Vx/kjgzpcDhygcqJ2KKjky8nCgUQ+dzXtbrLaWZGZNmNfQTsiQ0weZ1svglHg==",
      "requires": {
        "node-domexception": "^1.0.0",
        "web-streams-polyfill": "^3.0.3"
      }
    },
    "formdata-polyfill": {
      "version": "4.0.10",
      "resolved": "https://registry.npmjs.org/formdata-polyfill/-/formdata-polyfill-4.0.10.tgz",
      "integrity": "sha512-buewHzMvYL29jdeQTVILecSaZKnt/RJWjoZCF5OW60Z67/GmSLBkOFM7qh1PI3zFNtJbaZL5eQu1vLfazOwj4g==",
      "requires": {
        "fetch-blob": "^3.1.2"
      }
    },
    "ini-parser": {
      "version": "0.0.2",
      "resolved": "https://registry.npmjs.org/ini-parser/-/ini-parser-0.0.2.tgz",
      "integrity": "sha1-+kF4flZ3Y7P/Zdel2alO23QHh+8="
    },
    "jsonc-simple-parser": {
      "version": "2.2.1",
      "resolved": "https://registry.npmjs.org/jsonc-simple-parser/-/jsonc-simple-parser-2.2.1.tgz",
      "integrity": "sha512-cbZ4y7sbz5TiZiPwchLkQvmtqehyp7Xfa4/HluX6Z/EtuIhrw8H5moMx55XWYXx4EJ3A1xyPO3hXtXibzzsCvg==",
      "requires": {
        "reghex": "^3.0.0"
      }
    },
    "nanoparse": {
      "version": "1.0.0",
      "resolved": "https://registry.npmjs.org/nanoparse/-/nanoparse-1.0.0.tgz",
      "integrity": "sha512-XvA0GUmgWR1KrCThHlpSqvYtne3biaza9xZ/1NbfZ/y/5TnENNtOmJmtrI1HVUTLHHHQ0GqJxLKFQzsw6gQoGg=="
    },
    "node-domexception": {
      "version": "1.0.0",
      "resolved": "https://registry.npmjs.org/node-domexception/-/node-domexception-1.0.0.tgz",
      "integrity": "sha512-/jKZoMpw0F8GRwl4/eLROPA3cfcXtLApP0QzLmUT/HuPCZWyB7IY9ZrMeKw2O/nFIqPQB3PVM9aYm0F312AXDQ=="
    },
    "node-fetch": {
      "version": "3.2.4",
      "resolved": "https://registry.npmjs.org/node-fetch/-/node-fetch-3.2.4.tgz",
      "integrity": "sha512-WvYJRN7mMyOLurFR2YpysQGuwYrJN+qrrpHjJDuKMcSPdfFccRUla/kng2mz6HWSBxJcqPbvatS6Gb4RhOzCJw==",
      "requires": {
        "data-uri-to-buffer": "^4.0.0",
        "fetch-blob": "^3.1.4",
        "formdata-polyfill": "^4.0.10"
      }
    },
    "planckcolors": {
      "version": "1.2.0",
      "resolved": "https://registry.npmjs.org/planckcolors/-/planckcolors-1.2.0.tgz",
      "integrity": "sha512-YftwcOwv5iCYqXsm2lOM5EVfGazJCBiOiFxORLNFVr/6gAiGWb5Xvkfk1VxxmB8quq+XcqUg0k25Rm8UN8MkSQ=="
    },
    "reghex": {
      "version": "3.0.2",
      "resolved": "https://registry.npmjs.org/reghex/-/reghex-3.0.2.tgz",
      "integrity": "sha512-Zb9DJ5u6GhgqRSBnxV2QSnLqEwcKxHWFA1N2yUa4ZUAO1P8jlWKYtWZ6/ooV6yylspGXJX0O/uNzEv0xrCtwaA=="
    },
    "web-streams-polyfill": {
      "version": "3.2.1",
      "resolved": "https://registry.npmjs.org/web-streams-polyfill/-/web-streams-polyfill-3.2.1.tgz",
      "integrity": "sha512-e0MO3wdXWKrLbL0DgGnUV7WHVuw9OUvL4hjgnPkIeEvESk74gAITi5G606JtZPp39cd8HA9VQzCIvA49LpPN5Q=="
    }
  }
}
